{
  "version": 4,
  "terraform_version": "1.10.5",
  "serial": 5,
  "lineage": "73509863-dcf8-0498-e5ec-8953a5a79308",
  "outputs": {},
  "resources": [
    {
      "mode": "managed",
      "type": "aws_iam_user",
      "name": "multiuser",
      "provider": "provider[\"registry.terraform.io/hashicorp/aws\"]",
      "instances": [
        {
          "index_key": "dhan",
          "schema_version": 0,
          "attributes": {
            "arn": "arn:aws:iam::847322600116:user/dhan",
            "force_destroy": false,
            "id": "dhan",
            "name": "dhan",
            "path": "/",
            "permissions_boundary": null,
            "tags": {
              "create_time": "2025-02-04T13:44:27Z",
              "created_by": "dvsingh"
            },
            "tags_all": {
              "create_time": "2025-02-04T13:44:27Z",
              "created_by": "dvsingh"
            },
            "unique_id": "AIDA4KSC42K2HJNAEMFT7"
          },
          "sensitive_attributes": [],
          "private": "bnVsbA=="
        },
        {
          "index_key": "jan",
          "schema_version": 0,
          "attributes": {
            "arn": "arn:aws:iam::847322600116:user/jan",
            "force_destroy": false,
            "id": "jan",
            "name": "jan",
            "path": "/",
            "permissions_boundary": null,
            "tags": {
              "create_time": "2025-02-04T13:44:27Z",
              "created_by": "dvsingh"
            },
            "tags_all": {
              "create_time": "2025-02-04T13:44:27Z",
              "created_by": "dvsingh"
            },
            "unique_id": "AIDA4KSC42K2INWU3UX5K"
          },
          "sensitive_attributes": [],
          "private": "bnVsbA=="
        },
        {
          "index_key": "man",
          "schema_version": 0,
          "attributes": {
            "arn": "arn:aws:iam::847322600116:user/man",
            "force_destroy": false,
            "id": "man",
            "name": "man",
            "path": "/",
            "permissions_boundary": null,
            "tags": {
              "create_time": "2025-02-04T13:44:27Z",
              "created_by": "dvsingh"
            },
            "tags_all": {
              "create_time": "2025-02-04T13:44:27Z",
              "created_by": "dvsingh"
            },
            "unique_id": "AIDA4KSC42K2B6W7OYI35"
          },
          "sensitive_attributes": [],
          "private": "bnVsbA=="
        }
      ]
    }
  ],
  "check_results": null
}
