{
  "version": 4,
  "terraform_version": "1.10.5",
  "serial": 5,
  "lineage": "ef77cb92-7e33-abf2-5312-c0142333d988",
  "outputs": {},
  "resources": [
    {
      "mode": "managed",
      "type": "aws_iam_user",
      "name": "multi_user",
      "provider": "provider[\"registry.terraform.io/hashicorp/aws\"]",
      "instances": [
        {
          "index_key": 0,
          "schema_version": 0,
          "attributes": {
            "arn": "arn:aws:iam::847322600116:user/dsingh",
            "force_destroy": false,
            "id": "dsingh",
            "name": "dsingh",
            "path": "/",
            "permissions_boundary": "",
            "tags": null,
            "tags_all": {},
            "unique_id": "AIDA4KSC42K2G7CH6RMW4"
          },
          "sensitive_attributes": [],
          "private": "bnVsbA=="
        },
        {
          "index_key": 1,
          "schema_version": 0,
          "attributes": {
            "arn": "arn:aws:iam::847322600116:user/paani",
            "force_destroy": false,
            "id": "paani",
            "name": "paani",
            "path": "/",
            "permissions_boundary": "",
            "tags": null,
            "tags_all": {},
            "unique_id": "AIDA4KSC42K2E7NVBRLKN"
          },
          "sensitive_attributes": [],
          "private": "bnVsbA=="
        },
        {
          "index_key": 2,
          "schema_version": 0,
          "attributes": {
            "arn": "arn:aws:iam::847322600116:user/jaani",
            "force_destroy": false,
            "id": "jaani",
            "name": "jaani",
            "path": "/",
            "permissions_boundary": "",
            "tags": null,
            "tags_all": {},
            "unique_id": "AIDA4KSC42K2P3RYE3EPX"
          },
          "sensitive_attributes": [],
          "private": "bnVsbA=="
        }
      ]
    }
  ],
  "check_results": null
}
