{
  "version": 4,
  "terraform_version": "1.10.5",
  "serial": 3,
  "lineage": "cec53461-432d-806d-6b3a-996e6a5a50e2",
  "outputs": {},
  "resources": [
    {
      "mode": "managed",
      "type": "aws_iam_user",
      "name": "function",
      "provider": "provider[\"registry.terraform.io/hashicorp/aws\"]",
      "instances": [
        {
          "schema_version": 0,
          "attributes": {
            "arn": "arn:aws:iam::847322600116:user/function",
            "force_destroy": false,
            "id": "function",
            "name": "function",
            "path": "/",
            "permissions_boundary": null,
            "tags": {
              "createtime": "2025-02-03T17:23:02Z",
              "date_format": "03 Feb 2025  17:23  UTC ",
              "description": "OPS"
            },
            "tags_all": {
              "createtime": "2025-02-03T17:23:02Z",
              "date_format": "03 Feb 2025  17:23  UTC ",
              "description": "OPS"
            },
            "unique_id": "AIDA4KSC42K2OEX7BW7ZM"
          },
          "sensitive_attributes": [],
          "private": "bnVsbA=="
        }
      ]
    }
  ],
  "check_results": null
}
